PODS:
  - Alamofire (4.8.2)
  - IQKeyboardManagerSwift (6.3.0)
  - SVProgressHUD (2.2.5)
  - SwiftyJSON (4.3.0)

DEPENDENCIES:
  - Alamofire
  - IQKeyboardManagerSwift
  - SVProgressHUD
  - SwiftyJSON (~> 4.0)

SPEC REPOS:
  https://github.com/cocoapods/specs.git:
    - Alamofire
    - IQKeyboardManagerSwift
    - SVProgressHUD
    - SwiftyJSON

SPEC CHECKSUMS:
  Alamofire: ae5c501addb7afdbb13687d7f2f722c78734c2d3
  IQKeyboardManagerSwift: a8228c257614af98743b4cd8584637025f36358f
  SVProgressHUD: 1428aafac632c1f86f62aa4243ec12008d7a51d6
  SwiftyJSON: 6faa0040f8b59dead0ee07436cbf76b73c08fd08

PODFILE CHECKSUM: cd797ebc25e272ecca5c8edca124c8f1589fdce8

COCOAPODS: 1.7.1
